
Microsoft Visual Studio Solution File, Format Version 12.00
# Visual Studio Version 17
VisualStudioVersion = 17.4.33205.214
MinimumVisualStudioVersion = 10.0.40219.1
Project("{9A19103F-16F7-4668-BE54-9A1E7A4F7556}") = "OpenttdDiscord.Discord", "OpenttdDiscord.Discord\OpenttdDiscord.Discord.csproj", "{69ABCB52-8725-4B18-BC70-9BB3E6AC9CAB}"
EndProject
Project("{9A19103F-16F7-4668-BE54-9A1E7A4F7556}") = "OpenttdDiscord.Domain", "OpenttdDiscord.Domain\OpenttdDiscord.Domain.csproj", "{E825953F-1CFF-4479-8199-35610CD66D88}"
EndProject
Project("{9A19103F-16F7-4668-BE54-9A1E7A4F7556}") = "OpenttdDiscord.Infrastructure", "OpenttdDiscord.Infrastructure\OpenttdDiscord.Infrastructure.csproj", "{3580FA79-4A0A-4169-8837-1CCB13A317DF}"
EndProject
Project("{9A19103F-16F7-4668-BE54-9A1E7A4F7556}") = "OpenttdDiscord.Base", "OpenttdDiscord.Base\OpenttdDiscord.Base.csproj", "{5374E8CB-0CC3-4CC6-8A9E-7FC9BFB94AF1}"
EndProject
Project("{2150E333-8FDC-42A3-9474-1A3956D46DE8}") = "Solution Items", "Solution Items", "{A2C51779-426B-46E0-AF4B-7B2F05C3A80F}"
	ProjectSection(SolutionItems) = preProject
		docker-compose.yml = docker-compose.yml
	EndProjectSection
EndProject
Project("{9A19103F-16F7-4668-BE54-9A1E7A4F7556}") = "OpenttdDiscord.Validation", "OpenttdDiscord.Validation\OpenttdDiscord.Validation.csproj", "{390F24BA-93A0-4105-B72F-C5334919FD20}"
EndProject
Project("{2150E333-8FDC-42A3-9474-1A3956D46DE8}") = "Tests", "Tests", "{1029E915-ADC4-4365-9E59-FC59C822350B}"
EndProject
Project("{9A19103F-16F7-4668-BE54-9A1E7A4F7556}") = "OpenttdDiscord.Validation.Tests", "OpenttdDiscord.Validation.Tests\OpenttdDiscord.Validation.Tests.csproj", "{5C31467F-F60B-4C1F-A78E-17869D44F5C8}"
EndProject
Project("{FAE04EC0-301F-11D3-BF4B-00C04F79EFBC}") = "OpenttdDiscord.Database", "OpenttdDiscord.Database\OpenttdDiscord.Database.csproj", "{79B1A333-38E4-4CC7-949D-9D75B09F10F4}"
EndProject
Global
	GlobalSection(SolutionConfigurationPlatforms) = preSolution
		Debug|Any CPU = Debug|Any CPU
		Release|Any CPU = Release|Any CPU
	EndGlobalSection
	GlobalSection(ProjectConfigurationPlatforms) = postSolution
		{69ABCB52-8725-4B18-BC70-9BB3E6AC9CAB}.Debug|Any CPU.ActiveCfg = Debug|Any CPU
		{69ABCB52-8725-4B18-BC70-9BB3E6AC9CAB}.Debug|Any CPU.Build.0 = Debug|Any CPU
		{69ABCB52-8725-4B18-BC70-9BB3E6AC9CAB}.Release|Any CPU.ActiveCfg = Release|Any CPU
		{69ABCB52-8725-4B18-BC70-9BB3E6AC9CAB}.Release|Any CPU.Build.0 = Release|Any CPU
		{E825953F-1CFF-4479-8199-35610CD66D88}.Debug|Any CPU.ActiveCfg = Debug|Any CPU
		{E825953F-1CFF-4479-8199-35610CD66D88}.Debug|Any CPU.Build.0 = Debug|Any CPU
		{E825953F-1CFF-4479-8199-35610CD66D88}.Release|Any CPU.ActiveCfg = Release|Any CPU
		{E825953F-1CFF-4479-8199-35610CD66D88}.Release|Any CPU.Build.0 = Release|Any CPU
		{3580FA79-4A0A-4169-8837-1CCB13A317DF}.Debug|Any CPU.ActiveCfg = Debug|Any CPU
		{3580FA79-4A0A-4169-8837-1CCB13A317DF}.Debug|Any CPU.Build.0 = Debug|Any CPU
		{3580FA79-4A0A-4169-8837-1CCB13A317DF}.Release|Any CPU.ActiveCfg = Release|Any CPU
		{3580FA79-4A0A-4169-8837-1CCB13A317DF}.Release|Any CPU.Build.0 = Release|Any CPU
		{5374E8CB-0CC3-4CC6-8A9E-7FC9BFB94AF1}.Debug|Any CPU.ActiveCfg = Debug|Any CPU
		{5374E8CB-0CC3-4CC6-8A9E-7FC9BFB94AF1}.Debug|Any CPU.Build.0 = Debug|Any CPU
		{5374E8CB-0CC3-4CC6-8A9E-7FC9BFB94AF1}.Release|Any CPU.ActiveCfg = Release|Any CPU
		{5374E8CB-0CC3-4CC6-8A9E-7FC9BFB94AF1}.Release|Any CPU.Build.0 = Release|Any CPU
		{390F24BA-93A0-4105-B72F-C5334919FD20}.Debug|Any CPU.ActiveCfg = Debug|Any CPU
		{390F24BA-93A0-4105-B72F-C5334919FD20}.Debug|Any CPU.Build.0 = Debug|Any CPU
		{390F24BA-93A0-4105-B72F-C5334919FD20}.Release|Any CPU.ActiveCfg = Release|Any CPU
		{390F24BA-93A0-4105-B72F-C5334919FD20}.Release|Any CPU.Build.0 = Release|Any CPU
		{5C31467F-F60B-4C1F-A78E-17869D44F5C8}.Debug|Any CPU.ActiveCfg = Debug|Any CPU
		{5C31467F-F60B-4C1F-A78E-17869D44F5C8}.Debug|Any CPU.Build.0 = Debug|Any CPU
		{5C31467F-F60B-4C1F-A78E-17869D44F5C8}.Release|Any CPU.ActiveCfg = Release|Any CPU
		{5C31467F-F60B-4C1F-A78E-17869D44F5C8}.Release|Any CPU.Build.0 = Release|Any CPU
		{79B1A333-38E4-4CC7-949D-9D75B09F10F4}.Debug|Any CPU.ActiveCfg = Debug|Any CPU
		{79B1A333-38E4-4CC7-949D-9D75B09F10F4}.Debug|Any CPU.Build.0 = Debug|Any CPU
		{79B1A333-38E4-4CC7-949D-9D75B09F10F4}.Release|Any CPU.ActiveCfg = Release|Any CPU
		{79B1A333-38E4-4CC7-949D-9D75B09F10F4}.Release|Any CPU.Build.0 = Release|Any CPU
	EndGlobalSection
	GlobalSection(SolutionProperties) = preSolution
		HideSolutionNode = FALSE
	EndGlobalSection
	GlobalSection(NestedProjects) = preSolution
		{5C31467F-F60B-4C1F-A78E-17869D44F5C8} = {1029E915-ADC4-4365-9E59-FC59C822350B}
	EndGlobalSection
	GlobalSection(ExtensibilityGlobals) = postSolution
		SolutionGuid = {E49BE0BA-49A5-4D0D-B91D-01CA312FDD26}
	EndGlobalSection
EndGlobal
